// !$*UTF8*$!
{
	archiveVersion = 1;
	classes = {
	};
	objectVersion = 56;
	objects = {

/* Begin PBXBuildFile section */
		FAE72D912A4C189F0094A9EB /* AppDelegate.swift in Sources */ = {isa = PBXBuildFile; fileRef = FAE72D902A4C189F0094A9EB /* AppDelegate.swift */; };
		FAE72D932A4C189F0094A9EB /* SceneDelegate.swift in Sources */ = {isa = PBXBuildFile; fileRef = FAE72D922A4C189F0094A9EB /* SceneDelegate.swift */; };
		FAE72D952A4C189F0094A9EB /* ViewController.swift in Sources */ = {isa = PBXBuildFile; fileRef = FAE72D942A4C189F0094A9EB /* ViewController.swift */; };
		FAE72D982A4C189F0094A9EB /* Main.storyboard in Resources */ = {isa = PBXBuildFile; fileRef = FAE72D962A4C189F0094A9EB /* Main.storyboard */; };
		FAE72D9A2A4C18A10094A9EB /* Assets.xcassets in Resources */ = {isa = PBXBuildFile; fileRef = FAE72D992A4C18A10094A9EB /* Assets.xcassets */; };
		FAE72D9D2A4C18A10094A9EB /* LaunchScreen.storyboard in Resources */ = {isa = PBXBuildFile; fileRef = FAE72D9B2A4C18A10094A9EB /* LaunchScreen.storyboard */; };
		FAE72DA82A4C18A20094A9EB /* weatherappTests.swift in Sources */ = {isa = PBXBuildFile; fileRef = FAE72DA72A4C18A20094A9EB /* weatherappTests.swift */; };
		FAE72DB22A4C18A20094A9EB /* weatherappUITests.swift in Sources */ = {isa = PBXBuildFile; fileRef = FAE72DB12A4C18A20094A9EB /* weatherappUITests.swift */; };
		FAE72DB42A4C18A20094A9EB /* weatherappUITestsLaunchTests.swift in Sources */ = {isa = PBXBuildFile; fileRef = FAE72DB32A4C18A20094A9EB /* weatherappUITestsLaunchTests.swift */; };
		FAE72DC82A4C1D520094A9EB /* WeatherTableViewCell.swift in Sources */ = {isa = PBXBuildFile; fileRef = FAE72DC62A4C1D520094A9EB /* WeatherTableViewCell.swift */; };
		FAE72DC92A4C1D520094A9EB /* WeatherTableViewCell.xib in Resources */ = {isa = PBXBuildFile; fileRef = FAE72DC72A4C1D520094A9EB /* WeatherTableViewCell.xib */; };
		FAE72DCC2A4C1D730094A9EB /* HourlyTableViewCell.swift in Sources */ = {isa = PBXBuildFile; fileRef = FAE72DCA2A4C1D730094A9EB /* HourlyTableViewCell.swift */; };
		FAE72DCD2A4C1D730094A9EB /* HourlyTableViewCell.xib in Resources */ = {isa = PBXBuildFile; fileRef = FAE72DCB2A4C1D730094A9EB /* HourlyTableViewCell.xib */; };
		FAE72DD02A4C2DA30094A9EB /* Api.swift in Sources */ = {isa = PBXBuildFile; fileRef = FAE72DCF2A4C2DA30094A9EB /* Api.swift */; };
		FAE72DDA2A4C633D0094A9EB /* Weather.swift in Sources */ = {isa = PBXBuildFile; fileRef = FAE72DD12A4C633C0094A9EB /* Weather.swift */; };
		FAE72DDB2A4C633D0094A9EB /* Minutely.swift in Sources */ = {isa = PBXBuildFile; fileRef = FAE72DD22A4C633C0094A9EB /* Minutely.swift */; };
		FAE72DDC2A4C633D0094A9EB /* Temp.swift in Sources */ = {isa = PBXBuildFile; fileRef = FAE72DD32A4C633C0094A9EB /* Temp.swift */; };
		FAE72DDD2A4C633D0094A9EB /* WeatherData.swift in Sources */ = {isa = PBXBuildFile; fileRef = FAE72DD42A4C633C0094A9EB /* WeatherData.swift */; };
		FAE72DDE2A4C633D0094A9EB /* Daily.swift in Sources */ = {isa = PBXBuildFile; fileRef = FAE72DD52A4C633C0094A9EB /* Daily.swift */; };
		FAE72DDF2A4C633D0094A9EB /* Hourly.swift in Sources */ = {isa = PBXBuildFile; fileRef = FAE72DD62A4C633C0094A9EB /* Hourly.swift */; };
		FAE72DE02A4C633D0094A9EB /* Current.swift in Sources */ = {isa = PBXBuildFile; fileRef = FAE72DD72A4C633C0094A9EB /* Current.swift */; };
		FAE72DE12A4C633D0094A9EB /* FeelsLike.swift in Sources */ = {isa = PBXBuildFile; fileRef = FAE72DD82A4C633C0094A9EB /* FeelsLike.swift */; };
		FAE72DE22A4C633D0094A9EB /* Alerts.swift in Sources */ = {isa = PBXBuildFile; fileRef = FAE72DD92A4C633C0094A9EB /* Alerts.swift */; };
		FAE72DE52A4D6D400094A9EB /* Utils.swift in Sources */ = {isa = PBXBuildFile; fileRef = FAE72DE42A4D6D400094A9EB /* Utils.swift */; };
		FAE72DEE2A5011470094A9EB /* Localizable.strings in Resources */ = {isa = PBXBuildFile; fileRef = FAE72DF02A5011470094A9EB /* Localizable.strings */; };
		FAE72DFB2A51752B0094A9EB /* Enviroment.swift in Sources */ = {isa = PBXBuildFile; fileRef = FAE72DFA2A51752B0094A9EB /* Enviroment.swift */; };
/* End PBXBuildFile section */

/* Begin PBXContainerItemProxy section */
		FAE72DA42A4C18A20094A9EB /* PBXContainerItemProxy */ = {
			isa = PBXContainerItemProxy;
			containerPortal = FAE72D852A4C189F0094A9EB /* Project object */;
			proxyType = 1;
			remoteGlobalIDString = FAE72D8C2A4C189F0094A9EB;
			remoteInfo = weatherapp;
		};
		FAE72DAE2A4C18A20094A9EB /* PBXContainerItemProxy */ = {
			isa = PBXContainerItemProxy;
			containerPortal = FAE72D852A4C189F0094A9EB /* Project object */;
			proxyType = 1;
			remoteGlobalIDString = FAE72D8C2A4C189F0094A9EB;
			remoteInfo = weatherapp;
		};
/* End PBXContainerItemProxy section */

/* Begin PBXFileReference section */
		FAE72D8D2A4C189F0094A9EB /* weatherapp.app */ = {isa = PBXFileReference; explicitFileType = wrapper.application; includeInIndex = 0; path = weatherapp.app; sourceTree = BUILT_PRODUCTS_DIR; };
		FAE72D902A4C189F0094A9EB /* AppDelegate.swift */ = {isa = PBXFileReference; lastKnownFileType = sourcecode.swift; path = AppDelegate.swift; sourceTree = "<group>"; };
		FAE72D922A4C189F0094A9EB /* SceneDelegate.swift */ = {isa = PBXFileReference; lastKnownFileType = sourcecode.swift; path = SceneDelegate.swift; sourceTree = "<group>"; };
		FAE72D942A4C189F0094A9EB /* ViewController.swift */ = {isa = PBXFileReference; lastKnownFileType = sourcecode.swift; path = ViewController.swift; sourceTree = "<group>"; };
		FAE72D972A4C189F0094A9EB /* Base */ = {isa = PBXFileReference; lastKnownFileType = file.storyboard; name = Base; path = Base.lproj/Main.storyboard; sourceTree = "<group>"; };
		FAE72D992A4C18A10094A9EB /* Assets.xcassets */ = {isa = PBXFileReference; lastKnownFileType = folder.assetcatalog; path = Assets.xcassets; sourceTree = "<group>"; };
		FAE72D9C2A4C18A10094A9EB /* Base */ = {isa = PBXFileReference; lastKnownFileType = file.storyboard; name = Base; path = Base.lproj/LaunchScreen.storyboard; sourceTree = "<group>"; };
		FAE72D9E2A4C18A10094A9EB /* Info.plist */ = {isa = PBXFileReference; lastKnownFileType = text.plist.xml; path = Info.plist; sourceTree = "<group>"; };
		FAE72DA32A4C18A20094A9EB /* weatherappTests.xctest */ = {isa = PBXFileReference; explicitFileType = wrapper.cfbundle; includeInIndex = 0; path = weatherappTests.xctest; sourceTree = BUILT_PRODUCTS_DIR; };
		FAE72DA72A4C18A20094A9EB /* weatherappTests.swift */ = {isa = PBXFileReference; lastKnownFileType = sourcecode.swift; path = weatherappTests.swift; sourceTree = "<group>"; };
		FAE72DAD2A4C18A20094A9EB /* weatherappUITests.xctest */ = {isa = PBXFileReference; explicitFileType = wrapper.cfbundle; includeInIndex = 0; path = weatherappUITests.xctest; sourceTree = BUILT_PRODUCTS_DIR; };
		FAE72DB12A4C18A20094A9EB /* weatherappUITests.swift */ = {isa = PBXFileReference; lastKnownFileType = sourcecode.swift; path = weatherappUITests.swift; sourceTree = "<group>"; };
		FAE72DB32A4C18A20094A9EB /* weatherappUITestsLaunchTests.swift */ = {isa = PBXFileReference; lastKnownFileType = sourcecode.swift; path = weatherappUITestsLaunchTests.swift; sourceTree = "<group>"; };
		FAE72DC12A4C1B860094A9EB /* Weather.swift */ = {isa = PBXFileReference; lastKnownFileType = sourcecode.swift; path = Weather.swift; sourceTree = "<group>"; };
		FAE72DC62A4C1D520094A9EB /* WeatherTableViewCell.swift */ = {isa = PBXFileReference; lastKnownFileType = sourcecode.swift; path = WeatherTableViewCell.swift; sourceTree = "<group>"; };
		FAE72DC72A4C1D520094A9EB /* WeatherTableViewCell.xib */ = {isa = PBXFileReference; lastKnownFileType = file.xib; path = WeatherTableViewCell.xib; sourceTree = "<group>"; };
		FAE72DCA2A4C1D730094A9EB /* HourlyTableViewCell.swift */ = {isa = PBXFileReference; lastKnownFileType = sourcecode.swift; path = HourlyTableViewCell.swift; sourceTree = "<group>"; };
		FAE72DCB2A4C1D730094A9EB /* HourlyTableViewCell.xib */ = {isa = PBXFileReference; lastKnownFileType = file.xib; path = HourlyTableViewCell.xib; sourceTree = "<group>"; };
		FAE72DCF2A4C2DA30094A9EB /* Api.swift */ = {isa = PBXFileReference; lastKnownFileType = sourcecode.swift; path = Api.swift; sourceTree = "<group>"; };
		FAE72DD12A4C633C0094A9EB /* Weather.swift */ = {isa = PBXFileReference; fileEncoding = 4; lastKnownFileType = sourcecode.swift; path = Weather.swift; sourceTree = "<group>"; };
		FAE72DD22A4C633C0094A9EB /* Minutely.swift */ = {isa = PBXFileReference; fileEncoding = 4; lastKnownFileType = sourcecode.swift; path = Minutely.swift; sourceTree = "<group>"; };
		FAE72DD32A4C633C0094A9EB /* Temp.swift */ = {isa = PBXFileReference; fileEncoding = 4; lastKnownFileType = sourcecode.swift; path = Temp.swift; sourceTree = "<group>"; };
		FAE72DD42A4C633C0094A9EB /* WeatherData.swift */ = {isa = PBXFileReference; fileEncoding = 4; lastKnownFileType = sourcecode.swift; path = WeatherData.swift; sourceTree = "<group>"; };
		FAE72DD52A4C633C0094A9EB /* Daily.swift */ = {isa = PBXFileReference; fileEncoding = 4; lastKnownFileType = sourcecode.swift; path = Daily.swift; sourceTree = "<group>"; };
		FAE72DD62A4C633C0094A9EB /* Hourly.swift */ = {isa = PBXFileReference; fileEncoding = 4; lastKnownFileType = sourcecode.swift; path = Hourly.swift; sourceTree = "<group>"; };
		FAE72DD72A4C633C0094A9EB /* Current.swift */ = {isa = PBXFileReference; fileEncoding = 4; lastKnownFileType = sourcecode.swift; path = Current.swift; sourceTree = "<group>"; };
		FAE72DD82A4C633C0094A9EB /* FeelsLike.swift */ = {isa = PBXFileReference; fileEncoding = 4; lastKnownFileType = sourcecode.swift; path = FeelsLike.swift; sourceTree = "<group>"; };
		FAE72DD92A4C633C0094A9EB /* Alerts.swift */ = {isa = PBXFileReference; fileEncoding = 4; lastKnownFileType = sourcecode.swift; path = Alerts.swift; sourceTree = "<group>"; };
		FAE72DE42A4D6D400094A9EB /* Utils.swift */ = {isa = PBXFileReference; lastKnownFileType = sourcecode.swift; path = Utils.swift; sourceTree = "<group>"; };
		FAE72DEF2A5011470094A9EB /* en */ = {isa = PBXFileReference; lastKnownFileType = text.plist.strings; name = en; path = en.lproj/Localizable.strings; sourceTree = "<group>"; };
		FAE72DF12A5011590094A9EB /* es */ = {isa = PBXFileReference; lastKnownFileType = text.plist.strings; name = es; path = es.lproj/Main.strings; sourceTree = "<group>"; };
		FAE72DF22A50115A0094A9EB /* es */ = {isa = PBXFileReference; lastKnownFileType = text.plist.strings; name = es; path = es.lproj/LaunchScreen.strings; sourceTree = "<group>"; };
		FAE72DF32A50115A0094A9EB /* es */ = {isa = PBXFileReference; lastKnownFileType = text.plist.strings; name = es; path = es.lproj/Localizable.strings; sourceTree = "<group>"; };
		FAE72DF42A5011800094A9EB /* de */ = {isa = PBXFileReference; lastKnownFileType = text.plist.strings; name = de; path = de.lproj/Main.strings; sourceTree = "<group>"; };
		FAE72DF52A5011800094A9EB /* de */ = {isa = PBXFileReference; lastKnownFileType = text.plist.strings; name = de; path = de.lproj/LaunchScreen.strings; sourceTree = "<group>"; };
		FAE72DF62A5011800094A9EB /* de */ = {isa = PBXFileReference; lastKnownFileType = text.plist.strings; name = de; path = de.lproj/Localizable.strings; sourceTree = "<group>"; };
		FAE72DF92A5173FD0094A9EB /* Development.xconfig.xcconfig */ = {isa = PBXFileReference; lastKnownFileType = text.xcconfig; path = Development.xconfig.xcconfig; sourceTree = "<group>"; };
		FAE72DFA2A51752B0094A9EB /* Enviroment.swift */ = {isa = PBXFileReference; lastKnownFileType = sourcecode.swift; path = Enviroment.swift; sourceTree = "<group>"; };
/* End PBXFileReference section */

/* Begin PBXFrameworksBuildPhase section */
		FAE72D8A2A4C189F0094A9EB /* Frameworks */ = {
			isa = PBXFrameworksBuildPhase;
			buildActionMask = 2147483647;
			files = (
			);
			runOnlyForDeploymentPostprocessing = 0;
		};
		FAE72DA02A4C18A20094A9EB /* Frameworks */ = {
			isa = PBXFrameworksBuildPhase;
			buildActionMask = 2147483647;
			files = (
			);
			runOnlyForDeploymentPostprocessing = 0;
		};
		FAE72DAA2A4C18A20094A9EB /* Frameworks */ = {
			isa = PBXFrameworksBuildPhase;
			buildActionMask = 2147483647;
			files = (
			);
			runOnlyForDeploymentPostprocessing = 0;
		};
/* End PBXFrameworksBuildPhase section */

/* Begin PBXGroup section */
		FAE72D842A4C189F0094A9EB = {
			isa = PBXGroup;
			children = (
				FAE72DF02A5011470094A9EB /* Localizable.strings */,
				FAE72D8F2A4C189F0094A9EB /* weatherapp */,
				FAE72DA62A4C18A20094A9EB /* weatherappTests */,
				FAE72DB02A4C18A20094A9EB /* weatherappUITests */,
				FAE72D8E2A4C189F0094A9EB /* Products */,
			);
			sourceTree = "<group>";
		};
		FAE72D8E2A4C189F0094A9EB /* Products */ = {
			isa = PBXGroup;
			children = (
				FAE72D8D2A4C189F0094A9EB /* weatherapp.app */,
				FAE72DA32A4C18A20094A9EB /* weatherappTests.xctest */,
				FAE72DAD2A4C18A20094A9EB /* weatherappUITests.xctest */,
			);
			name = Products;
			sourceTree = "<group>";
		};
		FAE72D8F2A4C189F0094A9EB /* weatherapp */ = {
			isa = PBXGroup;
			children = (
				FAE72DE32A4D6D290094A9EB /* Utils */,
				FAE72DCE2A4C2C140094A9EB /* Api */,
				FAE72DC32A4C1CE80094A9EB /* CustomCells */,
				FAE72DC02A4C1B6A0094A9EB /* Models */,
				FAE72D902A4C189F0094A9EB /* AppDelegate.swift */,
				FAE72D922A4C189F0094A9EB /* SceneDelegate.swift */,
				FAE72D942A4C189F0094A9EB /* ViewController.swift */,
				FAE72D962A4C189F0094A9EB /* Main.storyboard */,
				FAE72D992A4C18A10094A9EB /* Assets.xcassets */,
				FAE72D9B2A4C18A10094A9EB /* LaunchScreen.storyboard */,
				FAE72D9E2A4C18A10094A9EB /* Info.plist */,
				FAE72DF92A5173FD0094A9EB /* Development.xconfig.xcconfig */,
			);
			path = weatherapp;
			sourceTree = "<group>";
		};
		FAE72DA62A4C18A20094A9EB /* weatherappTests */ = {
			isa = PBXGroup;
			children = (
				FAE72DA72A4C18A20094A9EB /* weatherappTests.swift */,
			);
			path = weatherappTests;
			sourceTree = "<group>";
		};
		FAE72DB02A4C18A20094A9EB /* weatherappUITests */ = {
			isa = PBXGroup;
			children = (
				FAE72DB12A4C18A20094A9EB /* weatherappUITests.swift */,
				FAE72DB32A4C18A20094A9EB /* weatherappUITestsLaunchTests.swift */,
			);
			path = weatherappUITests;
			sourceTree = "<group>";
		};
		FAE72DC02A4C1B6A0094A9EB /* Models */ = {
			isa = PBXGroup;
			children = (
				FAE72DD92A4C633C0094A9EB /* Alerts.swift */,
				FAE72DD72A4C633C0094A9EB /* Current.swift */,
				FAE72DD52A4C633C0094A9EB /* Daily.swift */,
				FAE72DD82A4C633C0094A9EB /* FeelsLike.swift */,
				FAE72DD62A4C633C0094A9EB /* Hourly.swift */,
				FAE72DD22A4C633C0094A9EB /* Minutely.swift */,
				FAE72DD32A4C633C0094A9EB /* Temp.swift */,
				FAE72DD12A4C633C0094A9EB /* Weather.swift */,
				FAE72DD42A4C633C0094A9EB /* WeatherData.swift */,
				FAE72DC12A4C1B860094A9EB /* Weather.swift */,
			);
			path = Models;
			sourceTree = "<group>";
		};
		FAE72DC32A4C1CE80094A9EB /* CustomCells */ = {
			isa = PBXGroup;
			children = (
				FAE72DC52A4C1D0A0094A9EB /* HourlyCollectionCell */,
				FAE72DC42A4C1CFC0094A9EB /* WatherCell */,
			);
			path = CustomCells;
			sourceTree = "<group>";
		};
		FAE72DC42A4C1CFC0094A9EB /* WatherCell */ = {
			isa = PBXGroup;
			children = (
				FAE72DC62A4C1D520094A9EB /* WeatherTableViewCell.swift */,
				FAE72DC72A4C1D520094A9EB /* WeatherTableViewCell.xib */,
			);
			path = WatherCell;
			sourceTree = "<group>";
		};
		FAE72DC52A4C1D0A0094A9EB /* HourlyCollectionCell */ = {
			isa = PBXGroup;
			children = (
				FAE72DCA2A4C1D730094A9EB /* HourlyTableViewCell.swift */,
				FAE72DCB2A4C1D730094A9EB /* HourlyTableViewCell.xib */,
			);
			path = HourlyCollectionCell;
			sourceTree = "<group>";
		};
		FAE72DCE2A4C2C140094A9EB /* Api */ = {
			isa = PBXGroup;
			children = (
				FAE72DCF2A4C2DA30094A9EB /* Api.swift */,
			);
			path = Api;
			sourceTree = "<group>";
		};
		FAE72DE32A4D6D290094A9EB /* Utils */ = {
			isa = PBXGroup;
			children = (
				FAE72DE42A4D6D400094A9EB /* Utils.swift */,
				FAE72DFA2A51752B0094A9EB /* Enviroment.swift */,
			);
			path = Utils;
			sourceTree = "<group>";
		};
/* End PBXGroup section */

/* Begin PBXNativeTarget section */
		FAE72D8C2A4C189F0094A9EB /* weatherapp */ = {
			isa = PBXNativeTarget;
			buildConfigurationList = FAE72DB72A4C18A20094A9EB /* Build configuration list for PBXNativeTarget "weatherapp" */;
			buildPhases = (
				FAE72D892A4C189F0094A9EB /* Sources */,
				FAE72D8A2A4C189F0094A9EB /* Frameworks */,
				FAE72D8B2A4C189F0094A9EB /* Resources */,
			);
			buildRules = (
			);
			dependencies = (
			);
			name = weatherapp;
			productName = weatherapp;
			productReference = FAE72D8D2A4C189F0094A9EB /* weatherapp.app */;
			productType = "com.apple.product-type.application";
		};
		FAE72DA22A4C18A20094A9EB /* weatherappTests */ = {
			isa = PBXNativeTarget;
			buildConfigurationList = FAE72DBA2A4C18A20094A9EB /* Build configuration list for PBXNativeTarget "weatherappTests" */;
			buildPhases = (
				FAE72D9F2A4C18A20094A9EB /* Sources */,
				FAE72DA02A4C18A20094A9EB /* Frameworks */,
				FAE72DA12A4C18A20094A9EB /* Resources */,
			);
			buildRules = (
			);
			dependencies = (
				FAE72DA52A4C18A20094A9EB /* PBXTargetDependency */,
			);
			name = weatherappTests;
			productName = weatherappTests;
			productReference = FAE72DA32A4C18A20094A9EB /* weatherappTests.xctest */;
			productType = "com.apple.product-type.bundle.unit-test";
		};
		FAE72DAC2A4C18A20094A9EB /* weatherappUITests */ = {
			isa = PBXNativeTarget;
			buildConfigurationList = FAE72DBD2A4C18A20094A9EB /* Build configuration list for PBXNativeTarget "weatherappUITests" */;
			buildPhases = (
				FAE72DA92A4C18A20094A9EB /* Sources */,
				FAE72DAA2A4C18A20094A9EB /* Frameworks */,
				FAE72DAB2A4C18A20094A9EB /* Resources */,
			);
			buildRules = (
			);
			dependencies = (
				FAE72DAF2A4C18A20094A9EB /* PBXTargetDependency */,
			);
			name = weatherappUITests;
			productName = weatherappUITests;
			productReference = FAE72DAD2A4C18A20094A9EB /* weatherappUITests.xctest */;
			productType = "com.apple.product-type.bundle.ui-testing";
		};
/* End PBXNativeTarget section */

/* Begin PBXProject section */
		FAE72D852A4C189F0094A9EB /* Project object */ = {
			isa = PBXProject;
			attributes = {
				BuildIndependentTargetsInParallel = 1;
				LastSwiftUpdateCheck = 1430;
				LastUpgradeCheck = 1430;
				TargetAttributes = {
					FAE72D8C2A4C189F0094A9EB = {
						CreatedOnToolsVersion = 14.3.1;
					};
					FAE72DA22A4C18A20094A9EB = {
						CreatedOnToolsVersion = 14.3.1;
						TestTargetID = FAE72D8C2A4C189F0094A9EB;
					};
					FAE72DAC2A4C18A20094A9EB = {
						CreatedOnToolsVersion = 14.3.1;
						TestTargetID = FAE72D8C2A4C189F0094A9EB;
					};
				};
			};
			buildConfigurationList = FAE72D882A4C189F0094A9EB /* Build configuration list for PBXProject "weatherapp" */;
			compatibilityVersion = "Xcode 14.0";
			developmentRegion = en;
			hasScannedForEncodings = 0;
			knownRegions = (
				en,
				Base,
				es,
				de,
			);
			mainGroup = FAE72D842A4C189F0094A9EB;
			productRefGroup = FAE72D8E2A4C189F0094A9EB /* Products */;
			projectDirPath = "";
			projectRoot = "";
			targets = (
				FAE72D8C2A4C189F0094A9EB /* weatherapp */,
				FAE72DA22A4C18A20094A9EB /* weatherappTests */,
				FAE72DAC2A4C18A20094A9EB /* weatherappUITests */,
			);
		};
/* End PBXProject section */

/* Begin PBXResourcesBuildPhase section */
		FAE72D8B2A4C189F0094A9EB /* Resources */ = {
			isa = PBXResourcesBuildPhase;
			buildActionMask = 2147483647;
			files = (
				FAE72DC92A4C1D520094A9EB /* WeatherTableViewCell.xib in Resources */,
				FAE72DEE2A5011470094A9EB /* Localizable.strings in Resources */,
				FAE72DCD2A4C1D730094A9EB /* HourlyTableViewCell.xib in Resources */,
				FAE72D9D2A4C18A10094A9EB /* LaunchScreen.storyboard in Resources */,
				FAE72D9A2A4C18A10094A9EB /* Assets.xcassets in Resources */,
				FAE72D982A4C189F0094A9EB /* Main.storyboard in Resources */,
			);
			runOnlyForDeploymentPostprocessing = 0;
		};
		FAE72DA12A4C18A20094A9EB /* Resources */ = {
			isa = PBXResourcesBuildPhase;
			buildActionMask = 2147483647;
			files = (
			);
			runOnlyForDeploymentPostprocessing = 0;
		};
		FAE72DAB2A4C18A20094A9EB /* Resources */ = {
			isa = PBXResourcesBuildPhase;
			buildActionMask = 2147483647;
			files = (
			);
			runOnlyForDeploymentPostprocessing = 0;
		};
/* End PBXResourcesBuildPhase section */

/* Begin PBXSourcesBuildPhase section */
		FAE72D892A4C189F0094A9EB /* Sources */ = {
			isa = PBXSourcesBuildPhase;
			buildActionMask = 2147483647;
			files = (
				FAE72DDA2A4C633D0094A9EB /* Weather.swift in Sources */,
				FAE72DFB2A51752B0094A9EB /* Enviroment.swift in Sources */,
				FAE72DC82A4C1D520094A9EB /* WeatherTableViewCell.swift in Sources */,
				FAE72DE22A4C633D0094A9EB /* Alerts.swift in Sources */,
				FAE72DE12A4C633D0094A9EB /* FeelsLike.swift in Sources */,
				FAE72D952A4C189F0094A9EB /* ViewController.swift in Sources */,
				FAE72DDB2A4C633D0094A9EB /* Minutely.swift in Sources */,
				FAE72DDE2A4C633D0094A9EB /* Daily.swift in Sources */,
				FAE72DE52A4D6D400094A9EB /* Utils.swift in Sources */,
				FAE72DDF2A4C633D0094A9EB /* Hourly.swift in Sources */,
				FAE72DDD2A4C633D0094A9EB /* WeatherData.swift in Sources */,
				FAE72D912A4C189F0094A9EB /* AppDelegate.swift in Sources */,
				FAE72DCC2A4C1D730094A9EB /* HourlyTableViewCell.swift in Sources */,
				FAE72DDC2A4C633D0094A9EB /* Temp.swift in Sources */,
				FAE72DD02A4C2DA30094A9EB /* Api.swift in Sources */,
				FAE72D932A4C189F0094A9EB /* SceneDelegate.swift in Sources */,
				FAE72DE02A4C633D0094A9EB /* Current.swift in Sources */,
			);
			runOnlyForDeploymentPostprocessing = 0;
		};
		FAE72D9F2A4C18A20094A9EB /* Sources */ = {
			isa = PBXSourcesBuildPhase;
			buildActionMask = 2147483647;
			files = (
				FAE72DA82A4C18A20094A9EB /* weatherappTests.swift in Sources */,
			);
			runOnlyForDeploymentPostprocessing = 0;
		};
		FAE72DA92A4C18A20094A9EB /* Sources */ = {
			isa = PBXSourcesBuildPhase;
			buildActionMask = 2147483647;
			files = (
				FAE72DB22A4C18A20094A9EB /* weatherappUITests.swift in Sources */,
				FAE72DB42A4C18A20094A9EB /* weatherappUITestsLaunchTests.swift in Sources */,
			);
			runOnlyForDeploymentPostprocessing = 0;
		};
/* End PBXSourcesBuildPhase section */

/* Begin PBXTargetDependency section */
		FAE72DA52A4C18A20094A9EB /* PBXTargetDependency */ = {
			isa = PBXTargetDependency;
			target = FAE72D8C2A4C189F0094A9EB /* weatherapp */;
			targetProxy = FAE72DA42A4C18A20094A9EB /* PBXContainerItemProxy */;
		};
		FAE72DAF2A4C18A20094A9EB /* PBXTargetDependency */ = {
			isa = PBXTargetDependency;
			target = FAE72D8C2A4C189F0094A9EB /* weatherapp */;
			targetProxy = FAE72DAE2A4C18A20094A9EB /* PBXContainerItemProxy */;
		};
/* End PBXTargetDependency section */

/* Begin PBXVariantGroup section */
		FAE72D962A4C189F0094A9EB /* Main.storyboard */ = {
			isa = PBXVariantGroup;
			children = (
				FAE72D972A4C189F0094A9EB /* Base */,
				FAE72DF12A5011590094A9EB /* es */,
				FAE72DF42A5011800094A9EB /* de */,
			);
			name = Main.storyboard;
			sourceTree = "<group>";
		};
		FAE72D9B2A4C18A10094A9EB /* LaunchScreen.storyboard */ = {
			isa = PBXVariantGroup;
			children = (
				FAE72D9C2A4C18A10094A9EB /* Base */,
				FAE72DF22A50115A0094A9EB /* es */,
				FAE72DF52A5011800094A9EB /* de */,
			);
			name = LaunchScreen.storyboard;
			sourceTree = "<group>";
		};
		FAE72DF02A5011470094A9EB /* Localizable.strings */ = {
			isa = PBXVariantGroup;
			children = (
				FAE72DEF2A5011470094A9EB /* en */,
				FAE72DF32A50115A0094A9EB /* es */,
				FAE72DF62A5011800094A9EB /* de */,
			);
			name = Localizable.strings;
			sourceTree = "<group>";
		};
/* End PBXVariantGroup section */

/* Begin XCBuildConfiguration section */
		FAE72DB52A4C18A20094A9EB /* Debug */ = {
			isa = XCBuildConfiguration;
			buildSettings = {
				ALWAYS_SEARCH_USER_PATHS = NO;
				CLANG_ANALYZER_LOCALIZABILITY_NONLOCALIZED = YES;
				CLANG_ANALYZER_NONNULL = YES;
				CLANG_ANALYZER_NUMBER_OBJECT_CONVERSION = YES_AGGRESSIVE;
				CLANG_CXX_LANGUAGE_STANDARD = "gnu++20";
				CLANG_ENABLE_MODULES = YES;
				CLANG_ENABLE_OBJC_ARC = YES;
				CLANG_ENABLE_OBJC_WEAK = YES;
				CLANG_WARN_BLOCK_CAPTURE_AUTORELEASING = YES;
				CLANG_WARN_BOOL_CONVERSION = YES;
				CLANG_WARN_COMMA = YES;
				CLANG_WARN_CONSTANT_CONVERSION = YES;
				CLANG_WARN_DEPRECATED_OBJC_IMPLEMENTATIONS = YES;
				CLANG_WARN_DIRECT_OBJC_ISA_USAGE = YES_ERROR;
				CLANG_WARN_DOCUMENTATION_COMMENTS = YES;
				CLANG_WARN_EMPTY_BODY = YES;
				CLANG_WARN_ENUM_CONVERSION = YES;
				CLANG_WARN_INFINITE_RECURSION = YES;
				CLANG_WARN_INT_CONVERSION = YES;
				CLANG_WARN_NON_LITERAL_NULL_CONVERSION = YES;
				CLANG_WARN_OBJC_IMPLICIT_RETAIN_SELF = YES;
				CLANG_WARN_OBJC_LITERAL_CONVERSION = YES;
				CLANG_WARN_OBJC_ROOT_CLASS = YES_ERROR;
				CLANG_WARN_QUOTED_INCLUDE_IN_FRAMEWORK_HEADER = YES;
				CLANG_WARN_RANGE_LOOP_ANALYSIS = YES;
				CLANG_WARN_STRICT_PROTOTYPES = YES;
				CLANG_WARN_SUSPICIOUS_MOVE = YES;
				CLANG_WARN_UNGUARDED_AVAILABILITY = YES_AGGRESSIVE;
				CLANG_WARN_UNREACHABLE_CODE = YES;
				CLANG_WARN__DUPLICATE_METHOD_MATCH = YES;
				COPY_PHASE_STRIP = NO;
				DEBUG_INFORMATION_FORMAT = dwarf;
				ENABLE_STRICT_OBJC_MSGSEND = YES;
				ENABLE_TESTABILITY = YES;
				GCC_C_LANGUAGE_STANDARD = gnu11;
				GCC_DYNAMIC_NO_PIC = NO;
				GCC_NO_COMMON_BLOCKS = YES;
				GCC_OPTIMIZATION_LEVEL = 0;
				GCC_PREPROCESSOR_DEFINITIONS = (
					"DEBUG=1",
					"$(inherited)",
				);
				GCC_WARN_64_TO_32_BIT_CONVERSION = YES;
				GCC_WARN_ABOUT_RETURN_TYPE = YES_ERROR;
				GCC_WARN_UNDECLARED_SELECTOR = YES;
				GCC_WARN_UNINITIALIZED_AUTOS = YES_AGGRESSIVE;
				GCC_WARN_UNUSED_FUNCTION = YES;
				GCC_WARN_UNUSED_VARIABLE = YES;
				IPHONEOS_DEPLOYMENT_TARGET = 16.4;
				MTL_ENABLE_DEBUG_INFO = INCLUDE_SOURCE;
				MTL_FAST_MATH = YES;
				ONLY_ACTIVE_ARCH = YES;
				SDKROOT = iphoneos;
				SWIFT_ACTIVE_COMPILATION_CONDITIONS = DEBUG;
				SWIFT_OPTIMIZATION_LEVEL = "-Onone";
			};
			name = Debug;
		};
		FAE72DB62A4C18A20094A9EB /* Release */ = {
			isa = XCBuildConfiguration;
			buildSettings = {
				ALWAYS_SEARCH_USER_PATHS = NO;
				CLANG_ANALYZER_LOCALIZABILITY_NONLOCALIZED = YES;
				CLANG_ANALYZER_NONNULL = YES;
				CLANG_ANALYZER_NUMBER_OBJECT_CONVERSION = YES_AGGRESSIVE;
				CLANG_CXX_LANGUAGE_STANDARD = "gnu++20";
				CLANG_ENABLE_MODULES = YES;
				CLANG_ENABLE_OBJC_ARC = YES;
				CLANG_ENABLE_OBJC_WEAK = YES;
				CLANG_WARN_BLOCK_CAPTURE_AUTORELEASING = YES;
				CLANG_WARN_BOOL_CONVERSION = YES;
				CLANG_WARN_COMMA = YES;
				CLANG_WARN_CONSTANT_CONVERSION = YES;
				CLANG_WARN_DEPRECATED_OBJC_IMPLEMENTATIONS = YES;
				CLANG_WARN_DIRECT_OBJC_ISA_USAGE = YES_ERROR;
				CLANG_WARN_DOCUMENTATION_COMMENTS = YES;
				CLANG_WARN_EMPTY_BODY = YES;
				CLANG_WARN_ENUM_CONVERSION = YES;
				CLANG_WARN_INFINITE_RECURSION = YES;
				CLANG_WARN_INT_CONVERSION = YES;
				CLANG_WARN_NON_LITERAL_NULL_CONVERSION = YES;
				CLANG_WARN_OBJC_IMPLICIT_RETAIN_SELF = YES;
				CLANG_WARN_OBJC_LITERAL_CONVERSION = YES;
				CLANG_WARN_OBJC_ROOT_CLASS = YES_ERROR;
				CLANG_WARN_QUOTED_INCLUDE_IN_FRAMEWORK_HEADER = YES;
				CLANG_WARN_RANGE_LOOP_ANALYSIS = YES;
				CLANG_WARN_STRICT_PROTOTYPES = YES;
				CLANG_WARN_SUSPICIOUS_MOVE = YES;
				CLANG_WARN_UNGUARDED_AVAILABILITY = YES_AGGRESSIVE;
				CLANG_WARN_UNREACHABLE_CODE = YES;
				CLANG_WARN__DUPLICATE_METHOD_MATCH = YES;
				COPY_PHASE_STRIP = NO;
				DEBUG_INFORMATION_FORMAT = "dwarf-with-dsym";
				ENABLE_NS_ASSERTIONS = NO;
				ENABLE_STRICT_OBJC_MSGSEND = YES;
				GCC_C_LANGUAGE_STANDARD = gnu11;
				GCC_NO_COMMON_BLOCKS = YES;
				GCC_WARN_64_TO_32_BIT_CONVERSION = YES;
				GCC_WARN_ABOUT_RETURN_TYPE = YES_ERROR;
				GCC_WARN_UNDECLARED_SELECTOR = YES;
				GCC_WARN_UNINITIALIZED_AUTOS = YES_AGGRESSIVE;
				GCC_WARN_UNUSED_FUNCTION = YES;
				GCC_WARN_UNUSED_VARIABLE = YES;
				IPHONEOS_DEPLOYMENT_TARGET = 16.4;
				MTL_ENABLE_DEBUG_INFO = NO;
				MTL_FAST_MATH = YES;
				SDKROOT = iphoneos;
				SWIFT_COMPILATION_MODE = wholemodule;
				SWIFT_OPTIMIZATION_LEVEL = "-O";
				VALIDATE_PRODUCT = YES;
			};
			name = Release;
		};
		FAE72DB82A4C18A20094A9EB /* Debug */ = {
			isa = XCBuildConfiguration;
			baseConfigurationReference = FAE72DF92A5173FD0094A9EB /* Development.xconfig.xcconfig */;
			buildSettings = {
				ASSETCATALOG_COMPILER_APPICON_NAME = AppIcon;
				ASSETCATALOG_COMPILER_GLOBAL_ACCENT_COLOR_NAME = AccentColor;
				CODE_SIGN_STYLE = Automatic;
				CURRENT_PROJECT_VERSION = 1;
				DEVELOPMENT_TEAM = LX4P693W2D;
				GENERATE_INFOPLIST_FILE = YES;
				INFOPLIST_FILE = weatherapp/Info.plist;
				INFOPLIST_KEY_NSLocationAlwaysAndWhenInUseUsageDescription = "";
				INFOPLIST_KEY_NSLocationWhenInUseUsageDescription = "Please allow location to see local weather.";
				INFOPLIST_KEY_UIApplicationSupportsIndirectInputEvents = YES;
				INFOPLIST_KEY_UILaunchStoryboardName = LaunchScreen;
				INFOPLIST_KEY_UIMainStoryboardFile = Main;
				INFOPLIST_KEY_UISupportedInterfaceOrientations = UIInterfaceOrientationPortrait;
				INFOPLIST_KEY_UISupportedInterfaceOrientations_iPad = "UIInterfaceOrientationPortrait UIInterfaceOrientationPortraitUpsideDown";
				LD_RUNPATH_SEARCH_PATHS = (
					"$(inherited)",
					"@executable_path/Frameworks",
				);
				MARKETING_VERSION = 1.0;
				PRODUCT_BUNDLE_IDENTIFIER = alexlopez.com.weatherapp;
				PRODUCT_NAME = "$(TARGET_NAME)";
				SWIFT_EMIT_LOC_STRINGS = YES;
				SWIFT_VERSION = 5.0;
				TARGETED_DEVICE_FAMILY = "1,2";
			};
			name = Debug;
		};
		FAE72DB92A4C18A20094A9EB /* Release */ = {
			isa = XCBuildConfiguration;
			baseConfigurationReference = FAE72DF92A5173FD0094A9EB /* Development.xconfig.xcconfig */;
			buildSettings = {
				ASSETCATALOG_COMPILER_APPICON_NAME = AppIcon;
				ASSETCATALOG_COMPILER_GLOBAL_ACCENT_COLOR_NAME = AccentColor;
				CODE_SIGN_STYLE = Automatic;
				CURRENT_PROJECT_VERSION = 1;
				DEVELOPMENT_TEAM = LX4P693W2D;
				GENERATE_INFOPLIST_FILE = YES;
				INFOPLIST_FILE = weatherapp/Info.plist;
				INFOPLIST_KEY_NSLocationAlwaysAndWhenInUseUsageDescription = "";
				INFOPLIST_KEY_NSLocationWhenInUseUsageDescription = "Please allow location to see local weather.";
				INFOPLIST_KEY_UIApplicationSupportsIndirectInputEvents = YES;
				INFOPLIST_KEY_UILaunchStoryboardName = LaunchScreen;
				INFOPLIST_KEY_UIMainStoryboardFile = Main;
				INFOPLIST_KEY_UISupportedInterfaceOrientations = UIInterfaceOrientationPortrait;
				INFOPLIST_KEY_UISupportedInterfaceOrientations_iPad = "UIInterfaceOrientationPortrait UIInterfaceOrientationPortraitUpsideDown";
				LD_RUNPATH_SEARCH_PATHS = (
					"$(inherited)",
					"@executable_path/Frameworks",
				);
				MARKETING_VERSION = 1.0;
				PRODUCT_BUNDLE_IDENTIFIER = alexlopez.com.weatherapp;
				PRODUCT_NAME = "$(TARGET_NAME)";
				SWIFT_EMIT_LOC_STRINGS = YES;
				SWIFT_VERSION = 5.0;
				TARGETED_DEVICE_FAMILY = "1,2";
			};
			name = Release;
		};
		FAE72DBB2A4C18A20094A9EB /* Debug */ = {
			isa = XCBuildConfiguration;
			buildSettings = {
				ALWAYS_EMBED_SWIFT_STANDARD_LIBRARIES = YES;
				BUNDLE_LOADER = "$(TEST_HOST)";
				CODE_SIGN_STYLE = Automatic;
				CURRENT_PROJECT_VERSION = 1;
				DEVELOPMENT_TEAM = LX4P693W2D;
				GENERATE_INFOPLIST_FILE = YES;
				IPHONEOS_DEPLOYMENT_TARGET = 16.4;
				MARKETING_VERSION = 1.0;
				PRODUCT_BUNDLE_IDENTIFIER = alexlopez.com.weatherappTests;
				PRODUCT_NAME = "$(TARGET_NAME)";
				SWIFT_EMIT_LOC_STRINGS = NO;
				SWIFT_VERSION = 5.0;
				TARGETED_DEVICE_FAMILY = "1,2";
				TEST_HOST = "$(BUILT_PRODUCTS_DIR)/weatherapp.app/$(BUNDLE_EXECUTABLE_FOLDER_PATH)/weatherapp";
			};
			name = Debug;
		};
		FAE72DBC2A4C18A20094A9EB /* Release */ = {
			isa = XCBuildConfiguration;
			buildSettings = {
				ALWAYS_EMBED_SWIFT_STANDARD_LIBRARIES = YES;
				BUNDLE_LOADER = "$(TEST_HOST)";
				CODE_SIGN_STYLE = Automatic;
				CURRENT_PROJECT_VERSION = 1;
				DEVELOPMENT_TEAM = LX4P693W2D;
				GENERATE_INFOPLIST_FILE = YES;
				IPHONEOS_DEPLOYMENT_TARGET = 16.4;
				MARKETING_VERSION = 1.0;
				PRODUCT_BUNDLE_IDENTIFIER = alexlopez.com.weatherappTests;
				PRODUCT_NAME = "$(TARGET_NAME)";
				SWIFT_EMIT_LOC_STRINGS = NO;
				SWIFT_VERSION = 5.0;
				TARGETED_DEVICE_FAMILY = "1,2";
				TEST_HOST = "$(BUILT_PRODUCTS_DIR)/weatherapp.app/$(BUNDLE_EXECUTABLE_FOLDER_PATH)/weatherapp";
			};
			name = Release;
		};
		FAE72DBE2A4C18A20094A9EB /* Debug */ = {
			isa = XCBuildConfiguration;
			buildSettings = {
				ALWAYS_EMBED_SWIFT_STANDARD_LIBRARIES = YES;
				CODE_SIGN_STYLE = Automatic;
				CURRENT_PROJECT_VERSION = 1;
				DEVELOPMENT_TEAM = LX4P693W2D;
				GENERATE_INFOPLIST_FILE = YES;
				MARKETING_VERSION = 1.0;
				PRODUCT_BUNDLE_IDENTIFIER = alexlopez.com.weatherappUITests;
				PRODUCT_NAME = "$(TARGET_NAME)";
				SWIFT_EMIT_LOC_STRINGS = NO;
				SWIFT_VERSION = 5.0;
				TARGETED_DEVICE_FAMILY = "1,2";
				TEST_TARGET_NAME = weatherapp;
			};
			name = Debug;
		};
		FAE72DBF2A4C18A20094A9EB /* Release */ = {
			isa = XCBuildConfiguration;
			buildSettings = {
				ALWAYS_EMBED_SWIFT_STANDARD_LIBRARIES = YES;
				CODE_SIGN_STYLE = Automatic;
				CURRENT_PROJECT_VERSION = 1;
				DEVELOPMENT_TEAM = LX4P693W2D;
				GENERATE_INFOPLIST_FILE = YES;
				MARKETING_VERSION = 1.0;
				PRODUCT_BUNDLE_IDENTIFIER = alexlopez.com.weatherappUITests;
				PRODUCT_NAME = "$(TARGET_NAME)";
				SWIFT_EMIT_LOC_STRINGS = NO;
				SWIFT_VERSION = 5.0;
				TARGETED_DEVICE_FAMILY = "1,2";
				TEST_TARGET_NAME = weatherapp;
			};
			name = Release;
		};
/* End XCBuildConfiguration section */

/* Begin XCConfigurationList section */
		FAE72D882A4C189F0094A9EB /* Build configuration list for PBXProject "weatherapp" */ = {
			isa = XCConfigurationList;
			buildConfigurations = (
				FAE72DB52A4C18A20094A9EB /* Debug */,
				FAE72DB62A4C18A20094A9EB /* Release */,
			);
			defaultConfigurationIsVisible = 0;
			defaultConfigurationName = Release;
		};
		FAE72DB72A4C18A20094A9EB /* Build configuration list for PBXNativeTarget "weatherapp" */ = {
			isa = XCConfigurationList;
			buildConfigurations = (
				FAE72DB82A4C18A20094A9EB /* Debug */,
				FAE72DB92A4C18A20094A9EB /* Release */,
			);
			defaultConfigurationIsVisible = 0;
			defaultConfigurationName = Release;
		};
		FAE72DBA2A4C18A20094A9EB /* Build configuration list for PBXNativeTarget "weatherappTests" */ = {
			isa = XCConfigurationList;
			buildConfigurations = (
				FAE72DBB2A4C18A20094A9EB /* Debug */,
				FAE72DBC2A4C18A20094A9EB /* Release */,
			);
			defaultConfigurationIsVisible = 0;
			defaultConfigurationName = Release;
		};
		FAE72DBD2A4C18A20094A9EB /* Build configuration list for PBXNativeTarget "weatherappUITests" */ = {
			isa = XCConfigurationList;
			buildConfigurations = (
				FAE72DBE2A4C18A20094A9EB /* Debug */,
				FAE72DBF2A4C18A20094A9EB /* Release */,
			);
			defaultConfigurationIsVisible = 0;
			defaultConfigurationName = Release;
		};
/* End XCConfigurationList section */
	};
	rootObject = FAE72D852A4C189F0094A9EB /* Project object */;
}
